
Microsoft Visual Studio Solution File, Format Version 12.00
# Visual Studio Version 16
VisualStudioVersion = 16.0.32510.428
MinimumVisualStudioVersion = 10.0.40219.1
Project("{FAE04EC0-301F-11D3-BF4B-00C04F79EFBC}") = "u19032618_HW05", "u19032618_HW05\u19032618_HW05.csproj", "{7C3DD802-3129-45CC-B4F9-F29337CCCA10}"
EndProject
Global
	GlobalSection(SolutionConfigurationPlatforms) = preSolution
		Debug|Any CPU = Debug|Any CPU
		Release|Any CPU = Release|Any CPU
	EndGlobalSection
	GlobalSection(ProjectConfigurationPlatforms) = postSolution
		{7C3DD802-3129-45CC-B4F9-F29337CCCA10}.Debug|Any CPU.ActiveCfg = Debug|Any CPU
		{7C3DD802-3129-45CC-B4F9-F29337CCCA10}.Debug|Any CPU.Build.0 = Debug|Any CPU
		{7C3DD802-3129-45CC-B4F9-F29337CCCA10}.Release|Any CPU.ActiveCfg = Release|Any CPU
		{7C3DD802-3129-45CC-B4F9-F29337CCCA10}.Release|Any CPU.Build.0 = Release|Any CPU
	EndGlobalSection
	GlobalSection(SolutionProperties) = preSolution
		HideSolutionNode = FALSE
	EndGlobalSection
	GlobalSection(ExtensibilityGlobals) = postSolution
		SolutionGuid = {A9060731-45F8-456D-B7BB-1B86345D73B7}
	EndGlobalSection
EndGlobal
